// !$*UTF8*$!
{
	archiveVersion = 1;
	classes = {
	};
	objectVersion = 56;
	objects = {

/* Begin PBXBuildFile section */
		B5AA26E02B49AE8D00C3E887 /* InlineInjectPlugin.h in Headers */ = {isa = PBXBuildFile; fileRef = B5AA26DF2B49AE8D00C3E887 /* InlineInjectPlugin.h */; };
		B5AA26E22B49AE8D00C3E887 /* InlineInjectPlugin.m in Sources */ = {isa = PBXBuildFile; fileRef = B5AA26E12B49AE8D00C3E887 /* InlineInjectPlugin.m */; };
		B5AA26EC2B49AEAC00C3E887 /* rd_route.c in Sources */ = {isa = PBXBuildFile; fileRef = B5AA26E82B49AEAC00C3E887 /* rd_route.c */; };
		B5AA26ED2B49AEAC00C3E887 /* rd_route.h in Headers */ = {isa = PBXBuildFile; fileRef = B5AA26E92B49AEAC00C3E887 /* rd_route.h */; };
		B5AA26EE2B49AEAC00C3E887 /* Utils.m in Sources */ = {isa = PBXBuildFile; fileRef = B5AA26EA2B49AEAC00C3E887 /* Utils.m */; };
		B5AA26EF2B49AEAC00C3E887 /* Utils.h in Headers */ = {isa = PBXBuildFile; fileRef = B5AA26EB2B49AEAC00C3E887 /* Utils.h */; };
/* End PBXBuildFile section */

/* Begin PBXFileReference section */
		B5AA26DC2B49AE8D00C3E887 /* libInlineInjectPlugin.dylib */ = {isa = PBXFileReference; explicitFileType = "compiled.mach-o.dylib"; includeInIndex = 0; path = libInlineInjectPlugin.dylib; sourceTree = BUILT_PRODUCTS_DIR; };
		B5AA26DF2B49AE8D00C3E887 /* InlineInjectPlugin.h */ = {isa = PBXFileReference; lastKnownFileType = sourcecode.c.h; path = InlineInjectPlugin.h; sourceTree = "<group>"; };
		B5AA26E12B49AE8D00C3E887 /* InlineInjectPlugin.m */ = {isa = PBXFileReference; lastKnownFileType = sourcecode.c.objc; path = InlineInjectPlugin.m; sourceTree = "<group>"; };
		B5AA26E82B49AEAC00C3E887 /* rd_route.c */ = {isa = PBXFileReference; fileEncoding = 4; lastKnownFileType = sourcecode.c.c; path = rd_route.c; sourceTree = "<group>"; };
		B5AA26E92B49AEAC00C3E887 /* rd_route.h */ = {isa = PBXFileReference; fileEncoding = 4; lastKnownFileType = sourcecode.c.h; path = rd_route.h; sourceTree = "<group>"; };
		B5AA26EA2B49AEAC00C3E887 /* Utils.m */ = {isa = PBXFileReference; fileEncoding = 4; lastKnownFileType = sourcecode.c.objc; path = Utils.m; sourceTree = "<group>"; };
		B5AA26EB2B49AEAC00C3E887 /* Utils.h */ = {isa = PBXFileReference; fileEncoding = 4; lastKnownFileType = sourcecode.c.h; path = Utils.h; sourceTree = "<group>"; };
/* End PBXFileReference section */

/* Begin PBXFrameworksBuildPhase section */
		B5AA26DA2B49AE8D00C3E887 /* Frameworks */ = {
			isa = PBXFrameworksBuildPhase;
			buildActionMask = 2147483647;
			files = (
			);
			runOnlyForDeploymentPostprocessing = 0;
		};
/* End PBXFrameworksBuildPhase section */

/* Begin PBXGroup section */
		6B2E1099808085B3FBD56F6E /* 8c */ = {
			isa = PBXGroup;
			children = (
			);
			name = 8c;
			path = .git/objects/8c;
			sourceTree = "<group>";
		};
		6B2E1734188B0B80AAF0FC76 /* ec */ = {
			isa = PBXGroup;
			children = (
			);
			name = ec;
			path = .git/objects/ec;
			sourceTree = "<group>";
		};
		6B2E17930845C2A74B53872F /* 43 */ = {
			isa = PBXGroup;
			children = (
			);
			name = 43;
			path = .git/objects/43;
			sourceTree = "<group>";
		};
		6B2E1C787707A06E180CA0B2 /* xcschemes */ = {
			isa = PBXGroup;
			children = (
			);
			name = xcschemes;
			path = InlineInjectPlugin.xcodeproj/project.xcworkspace/xcuserdata/voidm.xcuserdatad/xcschemes;
			sourceTree = "<group>";
		};
		B5AA26D32B49AE8D00C3E887 = {
			isa = PBXGroup;
			children = (
				B5AA26DE2B49AE8D00C3E887 /* InlineInjectPlugin */,
				B5AA26DD2B49AE8D00C3E887 /* Products */,
				6B2E1C787707A06E180CA0B2 /* xcschemes */,
				6B2E17930845C2A74B53872F /* 43 */,
				6B2E1099808085B3FBD56F6E /* 8c */,
				6B2E1734188B0B80AAF0FC76 /* ec */,
			);
			sourceTree = "<group>";
		};
		B5AA26DD2B49AE8D00C3E887 /* Products */ = {
			isa = PBXGroup;
			children = (
				B5AA26DC2B49AE8D00C3E887 /* libInlineInjectPlugin.dylib */,
			);
			name = Products;
			sourceTree = "<group>";
		};
		B5AA26DE2B49AE8D00C3E887 /* InlineInjectPlugin */ = {
			isa = PBXGroup;
			children = (
				B5AA26E82B49AEAC00C3E887 /* rd_route.c */,
				B5AA26E92B49AEAC00C3E887 /* rd_route.h */,
				B5AA26EB2B49AEAC00C3E887 /* Utils.h */,
				B5AA26EA2B49AEAC00C3E887 /* Utils.m */,
				B5AA26DF2B49AE8D00C3E887 /* InlineInjectPlugin.h */,
				B5AA26E12B49AE8D00C3E887 /* InlineInjectPlugin.m */,
			);
			path = InlineInjectPlugin;
			sourceTree = "<group>";
		};
/* End PBXGroup section */

/* Begin PBXHeadersBuildPhase section */
		B5AA26D82B49AE8D00C3E887 /* Headers */ = {
			isa = PBXHeadersBuildPhase;
			buildActionMask = 2147483647;
			files = (
				B5AA26EF2B49AEAC00C3E887 /* Utils.h in Headers */,
				B5AA26ED2B49AEAC00C3E887 /* rd_route.h in Headers */,
				B5AA26E02B49AE8D00C3E887 /* InlineInjectPlugin.h in Headers */,
			);
			runOnlyForDeploymentPostprocessing = 0;
		};
/* End PBXHeadersBuildPhase section */

/* Begin PBXNativeTarget section */
		B5AA26DB2B49AE8D00C3E887 /* InlineInjectPlugin */ = {
			isa = PBXNativeTarget;
			buildConfigurationList = B5AA26E52B49AE8D00C3E887 /* Build configuration list for PBXNativeTarget "InlineInjectPlugin" */;
			buildPhases = (
				B5AA26D82B49AE8D00C3E887 /* Headers */,
				B5AA26D92B49AE8D00C3E887 /* Sources */,
				B5AA26DA2B49AE8D00C3E887 /* Frameworks */,
			);
			buildRules = (
			);
			dependencies = (
			);
			name = InlineInjectPlugin;
			productName = InlineInjectPlugin;
			productReference = B5AA26DC2B49AE8D00C3E887 /* libInlineInjectPlugin.dylib */;
			productType = "com.apple.product-type.library.dynamic";
		};
/* End PBXNativeTarget section */

/* Begin PBXProject section */
		B5AA26D42B49AE8D00C3E887 /* Project object */ = {
			isa = PBXProject;
			attributes = {
				BuildIndependentTargetsInParallel = 1;
				LastUpgradeCheck = 1510;
				TargetAttributes = {
					B5AA26DB2B49AE8D00C3E887 = {
						CreatedOnToolsVersion = 15.1;
					};
				};
			};
			buildConfigurationList = B5AA26D72B49AE8D00C3E887 /* Build configuration list for PBXProject "InlineInjectPlugin" */;
			compatibilityVersion = "Xcode 14.0";
			developmentRegion = en;
			hasScannedForEncodings = 0;
			knownRegions = (
				en,
				Base,
			);
			mainGroup = B5AA26D32B49AE8D00C3E887;
			productRefGroup = B5AA26DD2B49AE8D00C3E887 /* Products */;
			projectDirPath = "";
			projectRoot = "";
			targets = (
				B5AA26DB2B49AE8D00C3E887 /* InlineInjectPlugin */,
			);
		};
/* End PBXProject section */

/* Begin PBXSourcesBuildPhase section */
		B5AA26D92B49AE8D00C3E887 /* Sources */ = {
			isa = PBXSourcesBuildPhase;
			buildActionMask = 2147483647;
			files = (
				B5AA26EE2B49AEAC00C3E887 /* Utils.m in Sources */,
				B5AA26E22B49AE8D00C3E887 /* InlineInjectPlugin.m in Sources */,
				B5AA26EC2B49AEAC00C3E887 /* rd_route.c in Sources */,
			);
			runOnlyForDeploymentPostprocessing = 0;
		};
/* End PBXSourcesBuildPhase section */

/* Begin XCBuildConfiguration section */
		B5AA26E32B49AE8D00C3E887 /* Debug */ = {
			isa = XCBuildConfiguration;
			buildSettings = {
				ALWAYS_SEARCH_USER_PATHS = NO;
				ASSETCATALOG_COMPILER_GENERATE_SWIFT_ASSET_SYMBOL_EXTENSIONS = YES;
				CLANG_ANALYZER_NONNULL = YES;
				CLANG_ANALYZER_NUMBER_OBJECT_CONVERSION = YES_AGGRESSIVE;
				CLANG_CXX_LANGUAGE_STANDARD = "gnu++20";
				CLANG_ENABLE_MODULES = YES;
				CLANG_ENABLE_OBJC_ARC = YES;
				CLANG_ENABLE_OBJC_WEAK = YES;
				CLANG_WARN_BLOCK_CAPTURE_AUTORELEASING = YES;
				CLANG_WARN_BOOL_CONVERSION = YES;
				CLANG_WARN_COMMA = YES;
				CLANG_WARN_CONSTANT_CONVERSION = YES;
				CLANG_WARN_DEPRECATED_OBJC_IMPLEMENTATIONS = YES;
				CLANG_WARN_DIRECT_OBJC_ISA_USAGE = YES_ERROR;
				CLANG_WARN_DOCUMENTATION_COMMENTS = YES;
				CLANG_WARN_EMPTY_BODY = YES;
				CLANG_WARN_ENUM_CONVERSION = YES;
				CLANG_WARN_INFINITE_RECURSION = YES;
				CLANG_WARN_INT_CONVERSION = YES;
				CLANG_WARN_NON_LITERAL_NULL_CONVERSION = YES;
				CLANG_WARN_OBJC_IMPLICIT_RETAIN_SELF = YES;
				CLANG_WARN_OBJC_LITERAL_CONVERSION = YES;
				CLANG_WARN_OBJC_ROOT_CLASS = YES_ERROR;
				CLANG_WARN_QUOTED_INCLUDE_IN_FRAMEWORK_HEADER = YES;
				CLANG_WARN_RANGE_LOOP_ANALYSIS = YES;
				CLANG_WARN_STRICT_PROTOTYPES = YES;
				CLANG_WARN_SUSPICIOUS_MOVE = YES;
				CLANG_WARN_UNGUARDED_AVAILABILITY = YES_AGGRESSIVE;
				CLANG_WARN_UNREACHABLE_CODE = YES;
				CLANG_WARN__DUPLICATE_METHOD_MATCH = YES;
				COPY_PHASE_STRIP = NO;
				DEBUG_INFORMATION_FORMAT = dwarf;
				ENABLE_STRICT_OBJC_MSGSEND = YES;
				ENABLE_TESTABILITY = YES;
				ENABLE_USER_SCRIPT_SANDBOXING = YES;
				GCC_C_LANGUAGE_STANDARD = gnu17;
				GCC_DYNAMIC_NO_PIC = NO;
				GCC_NO_COMMON_BLOCKS = YES;
				GCC_OPTIMIZATION_LEVEL = 0;
				GCC_PREPROCESSOR_DEFINITIONS = (
					"DEBUG=1",
					"$(inherited)",
				);
				GCC_WARN_64_TO_32_BIT_CONVERSION = YES;
				GCC_WARN_ABOUT_RETURN_TYPE = YES_ERROR;
				GCC_WARN_UNDECLARED_SELECTOR = YES;
				GCC_WARN_UNINITIALIZED_AUTOS = YES_AGGRESSIVE;
				GCC_WARN_UNUSED_FUNCTION = YES;
				GCC_WARN_UNUSED_VARIABLE = YES;
				LOCALIZATION_PREFERS_STRING_CATALOGS = YES;
				MACOSX_DEPLOYMENT_TARGET = 14.2;
				MTL_ENABLE_DEBUG_INFO = INCLUDE_SOURCE;
				MTL_FAST_MATH = YES;
				ONLY_ACTIVE_ARCH = YES;
				SDKROOT = macosx;
			};
			name = Debug;
		};
		B5AA26E42B49AE8D00C3E887 /* Release */ = {
			isa = XCBuildConfiguration;
			buildSettings = {
				ALWAYS_SEARCH_USER_PATHS = NO;
				ASSETCATALOG_COMPILER_GENERATE_SWIFT_ASSET_SYMBOL_EXTENSIONS = YES;
				CLANG_ANALYZER_NONNULL = YES;
				CLANG_ANALYZER_NUMBER_OBJECT_CONVERSION = YES_AGGRESSIVE;
				CLANG_CXX_LANGUAGE_STANDARD = "gnu++20";
				CLANG_ENABLE_MODULES = YES;
				CLANG_ENABLE_OBJC_ARC = YES;
				CLANG_ENABLE_OBJC_WEAK = YES;
				CLANG_WARN_BLOCK_CAPTURE_AUTORELEASING = YES;
				CLANG_WARN_BOOL_CONVERSION = YES;
				CLANG_WARN_COMMA = YES;
				CLANG_WARN_CONSTANT_CONVERSION = YES;
				CLANG_WARN_DEPRECATED_OBJC_IMPLEMENTATIONS = YES;
				CLANG_WARN_DIRECT_OBJC_ISA_USAGE = YES_ERROR;
				CLANG_WARN_DOCUMENTATION_COMMENTS = YES;
				CLANG_WARN_EMPTY_BODY = YES;
				CLANG_WARN_ENUM_CONVERSION = YES;
				CLANG_WARN_INFINITE_RECURSION = YES;
				CLANG_WARN_INT_CONVERSION = YES;
				CLANG_WARN_NON_LITERAL_NULL_CONVERSION = YES;
				CLANG_WARN_OBJC_IMPLICIT_RETAIN_SELF = YES;
				CLANG_WARN_OBJC_LITERAL_CONVERSION = YES;
				CLANG_WARN_OBJC_ROOT_CLASS = YES_ERROR;
				CLANG_WARN_QUOTED_INCLUDE_IN_FRAMEWORK_HEADER = YES;
				CLANG_WARN_RANGE_LOOP_ANALYSIS = YES;
				CLANG_WARN_STRICT_PROTOTYPES = YES;
				CLANG_WARN_SUSPICIOUS_MOVE = YES;
				CLANG_WARN_UNGUARDED_AVAILABILITY = YES_AGGRESSIVE;
				CLANG_WARN_UNREACHABLE_CODE = YES;
				CLANG_WARN__DUPLICATE_METHOD_MATCH = YES;
				COPY_PHASE_STRIP = NO;
				DEBUG_INFORMATION_FORMAT = "dwarf-with-dsym";
				ENABLE_NS_ASSERTIONS = NO;
				ENABLE_STRICT_OBJC_MSGSEND = YES;
				ENABLE_USER_SCRIPT_SANDBOXING = YES;
				GCC_C_LANGUAGE_STANDARD = gnu17;
				GCC_NO_COMMON_BLOCKS = YES;
				GCC_WARN_64_TO_32_BIT_CONVERSION = YES;
				GCC_WARN_ABOUT_RETURN_TYPE = YES_ERROR;
				GCC_WARN_UNDECLARED_SELECTOR = YES;
				GCC_WARN_UNINITIALIZED_AUTOS = YES_AGGRESSIVE;
				GCC_WARN_UNUSED_FUNCTION = YES;
				GCC_WARN_UNUSED_VARIABLE = YES;
				LOCALIZATION_PREFERS_STRING_CATALOGS = YES;
				MACOSX_DEPLOYMENT_TARGET = 14.2;
				MTL_ENABLE_DEBUG_INFO = NO;
				MTL_FAST_MATH = YES;
				SDKROOT = macosx;
			};
			name = Release;
		};
		B5AA26E62B49AE8D00C3E887 /* Debug */ = {
			isa = XCBuildConfiguration;
			buildSettings = {
				CODE_SIGN_STYLE = Automatic;
				DYLIB_COMPATIBILITY_VERSION = 1;
				DYLIB_CURRENT_VERSION = 1;
				EXECUTABLE_PREFIX = lib;
				PRODUCT_NAME = "$(TARGET_NAME)";
				SKIP_INSTALL = YES;
			};
			name = Debug;
		};
		B5AA26E72B49AE8D00C3E887 /* Release */ = {
			isa = XCBuildConfiguration;
			buildSettings = {
				CODE_SIGN_STYLE = Automatic;
				DYLIB_COMPATIBILITY_VERSION = 1;
				DYLIB_CURRENT_VERSION = 1;
				EXECUTABLE_PREFIX = lib;
				PRODUCT_NAME = "$(TARGET_NAME)";
				SKIP_INSTALL = YES;
			};
			name = Release;
		};
/* End XCBuildConfiguration section */

/* Begin XCConfigurationList section */
		B5AA26D72B49AE8D00C3E887 /* Build configuration list for PBXProject "InlineInjectPlugin" */ = {
			isa = XCConfigurationList;
			buildConfigurations = (
				B5AA26E32B49AE8D00C3E887 /* Debug */,
				B5AA26E42B49AE8D00C3E887 /* Release */,
			);
			defaultConfigurationIsVisible = 0;
			defaultConfigurationName = Release;
		};
		B5AA26E52B49AE8D00C3E887 /* Build configuration list for PBXNativeTarget "InlineInjectPlugin" */ = {
			isa = XCConfigurationList;
			buildConfigurations = (
				B5AA26E62B49AE8D00C3E887 /* Debug */,
				B5AA26E72B49AE8D00C3E887 /* Release */,
			);
			defaultConfigurationIsVisible = 0;
			defaultConfigurationName = Release;
		};
/* End XCConfigurationList section */
	};
	rootObject = B5AA26D42B49AE8D00C3E887 /* Project object */;
}
